{
  "name": "wickeyappstore-phaserce",
  "version": "1.8.0",
  "lockfileVersion": 1,
  "requires": true,
  "dependencies": {
    "phaser-ce": {
      "version": "2.10.4",
      "resolved": "https://registry.npmjs.org/phaser-ce/-/phaser-ce-2.10.4.tgz",
      "integrity": "sha512-4nJNrp9eilAOdfodyTcYzneIrsOisO3O6X1+Xfc1qhI41dcMDfL9LS6na4OXkFamQh6IaTzlpJ1tfwgLIy0gFw=="
    }
  }
}
